// !$*UTF8*$!
{
	archiveVersion = 1;
	classes = {
	};
	objectVersion = 48;
	objects = {

/* Begin PBXBuildFile section */
		D50B4B8B205E5A490052B829 /* UIView+LoadNib.swift in Sources */ = {isa = PBXBuildFile; fileRef = D50B4B8A205E5A490052B829 /* UIView+LoadNib.swift */; };
		D50B4B8D205E5A640052B829 /* NibView.swift in Sources */ = {isa = PBXBuildFile; fileRef = D50B4B8C205E5A640052B829 /* NibView.swift */; };
		D50B4B92205E5D270052B829 /* DataLoaderServiceImpl.swift in Sources */ = {isa = PBXBuildFile; fileRef = D50B4B91205E5D270052B829 /* DataLoaderServiceImpl.swift */; };
		D50B4B94205E5D510052B829 /* DataLoaderService.swift in Sources */ = {isa = PBXBuildFile; fileRef = D50B4B93205E5D510052B829 /* DataLoaderService.swift */; };
		D50B4B96205E60A50052B829 /* BreathLessonModuleInput.swift in Sources */ = {isa = PBXBuildFile; fileRef = D50B4B95205E60A50052B829 /* BreathLessonModuleInput.swift */; };
		D50B4B9E205E61330052B829 /* BreathLessonViewInput.swift in Sources */ = {isa = PBXBuildFile; fileRef = D50B4B9D205E61330052B829 /* BreathLessonViewInput.swift */; };
		D50B4BA0205E61410052B829 /* BreathLessonViewOutput.swift in Sources */ = {isa = PBXBuildFile; fileRef = D50B4B9F205E61410052B829 /* BreathLessonViewOutput.swift */; };
		D50B4BA2205E622C0052B829 /* BreathLessonPresenter.swift in Sources */ = {isa = PBXBuildFile; fileRef = D50B4BA1205E622C0052B829 /* BreathLessonPresenter.swift */; };
		D50B4BA4205E62920052B829 /* BreathLessonInteractorOutput.swift in Sources */ = {isa = PBXBuildFile; fileRef = D50B4BA3205E62920052B829 /* BreathLessonInteractorOutput.swift */; };
		D50B4BA6205E62980052B829 /* BreathLessonInteractorInput.swift in Sources */ = {isa = PBXBuildFile; fileRef = D50B4BA5205E62980052B829 /* BreathLessonInteractorInput.swift */; };
		D50B4BA8205E62BA0052B829 /* BreathLessonInteractor.swift in Sources */ = {isa = PBXBuildFile; fileRef = D50B4BA7205E62BA0052B829 /* BreathLessonInteractor.swift */; };
		D50B4BAA205E63B10052B829 /* BreathLessonFactory.swift in Sources */ = {isa = PBXBuildFile; fileRef = D50B4BA9205E63B10052B829 /* BreathLessonFactory.swift */; };
		D50B4BAC205E8EC40052B829 /* UIColor+Hex.swift in Sources */ = {isa = PBXBuildFile; fileRef = D50B4BAB205E8EC40052B829 /* UIColor+Hex.swift */; };
		D52A4374205D74D100AA7CCF /* breath.json in Resources */ = {isa = PBXBuildFile; fileRef = D52A4351205D74D100AA7CCF /* breath.json */; };
		D584F249205D798200DB4BBC /* Breath.swift in Sources */ = {isa = PBXBuildFile; fileRef = D584F248205D798200DB4BBC /* Breath.swift */; };
		D584F24D205D81BA00DB4BBC /* SquareView.swift in Sources */ = {isa = PBXBuildFile; fileRef = D584F24C205D81BA00DB4BBC /* SquareView.swift */; };
		D584F24F205D81DD00DB4BBC /* SquareView.xib in Resources */ = {isa = PBXBuildFile; fileRef = D584F24E205D81DD00DB4BBC /* SquareView.xib */; };
		D5C0C014205D6D1B0001F262 /* AppDelegate.swift in Sources */ = {isa = PBXBuildFile; fileRef = D5C0C013205D6D1B0001F262 /* AppDelegate.swift */; };
		D5C0C016205D6D1B0001F262 /* BreathLessonViewController.swift in Sources */ = {isa = PBXBuildFile; fileRef = D5C0C015205D6D1B0001F262 /* BreathLessonViewController.swift */; };
		D5C0C019205D6D1B0001F262 /* BreathLesson.storyboard in Resources */ = {isa = PBXBuildFile; fileRef = D5C0C017205D6D1B0001F262 /* BreathLesson.storyboard */; };
		D5C0C01B205D6D1B0001F262 /* Assets.xcassets in Resources */ = {isa = PBXBuildFile; fileRef = D5C0C01A205D6D1B0001F262 /* Assets.xcassets */; };
		D5C0C01E205D6D1B0001F262 /* LaunchScreen.storyboard in Resources */ = {isa = PBXBuildFile; fileRef = D5C0C01C205D6D1B0001F262 /* LaunchScreen.storyboard */; };
/* End PBXBuildFile section */

/* Begin PBXFileReference section */
		D50B4B8A205E5A490052B829 /* UIView+LoadNib.swift */ = {isa = PBXFileReference; lastKnownFileType = sourcecode.swift; path = "UIView+LoadNib.swift"; sourceTree = "<group>"; };
		D50B4B8C205E5A640052B829 /* NibView.swift */ = {isa = PBXFileReference; lastKnownFileType = sourcecode.swift; path = NibView.swift; sourceTree = "<group>"; };
		D50B4B91205E5D270052B829 /* DataLoaderServiceImpl.swift */ = {isa = PBXFileReference; lastKnownFileType = sourcecode.swift; path = DataLoaderServiceImpl.swift; sourceTree = "<group>"; };
		D50B4B93205E5D510052B829 /* DataLoaderService.swift */ = {isa = PBXFileReference; lastKnownFileType = sourcecode.swift; path = DataLoaderService.swift; sourceTree = "<group>"; };
		D50B4B95205E60A50052B829 /* BreathLessonModuleInput.swift */ = {isa = PBXFileReference; lastKnownFileType = sourcecode.swift; path = BreathLessonModuleInput.swift; sourceTree = "<group>"; };
		D50B4B9D205E61330052B829 /* BreathLessonViewInput.swift */ = {isa = PBXFileReference; lastKnownFileType = sourcecode.swift; path = BreathLessonViewInput.swift; sourceTree = "<group>"; };
		D50B4B9F205E61410052B829 /* BreathLessonViewOutput.swift */ = {isa = PBXFileReference; lastKnownFileType = sourcecode.swift; path = BreathLessonViewOutput.swift; sourceTree = "<group>"; };
		D50B4BA1205E622C0052B829 /* BreathLessonPresenter.swift */ = {isa = PBXFileReference; lastKnownFileType = sourcecode.swift; path = BreathLessonPresenter.swift; sourceTree = "<group>"; };
		D50B4BA3205E62920052B829 /* BreathLessonInteractorOutput.swift */ = {isa = PBXFileReference; lastKnownFileType = sourcecode.swift; path = BreathLessonInteractorOutput.swift; sourceTree = "<group>"; };
		D50B4BA5205E62980052B829 /* BreathLessonInteractorInput.swift */ = {isa = PBXFileReference; lastKnownFileType = sourcecode.swift; path = BreathLessonInteractorInput.swift; sourceTree = "<group>"; };
		D50B4BA7205E62BA0052B829 /* BreathLessonInteractor.swift */ = {isa = PBXFileReference; lastKnownFileType = sourcecode.swift; path = BreathLessonInteractor.swift; sourceTree = "<group>"; };
		D50B4BA9205E63B10052B829 /* BreathLessonFactory.swift */ = {isa = PBXFileReference; lastKnownFileType = sourcecode.swift; path = BreathLessonFactory.swift; sourceTree = "<group>"; };
		D50B4BAB205E8EC40052B829 /* UIColor+Hex.swift */ = {isa = PBXFileReference; lastKnownFileType = sourcecode.swift; path = "UIColor+Hex.swift"; sourceTree = "<group>"; };
		D52A4351205D74D100AA7CCF /* breath.json */ = {isa = PBXFileReference; fileEncoding = 4; lastKnownFileType = text.json; path = breath.json; sourceTree = "<group>"; };
		D584F248205D798200DB4BBC /* Breath.swift */ = {isa = PBXFileReference; lastKnownFileType = sourcecode.swift; path = Breath.swift; sourceTree = "<group>"; };
		D584F24C205D81BA00DB4BBC /* SquareView.swift */ = {isa = PBXFileReference; lastKnownFileType = sourcecode.swift; path = SquareView.swift; sourceTree = "<group>"; };
		D584F24E205D81DD00DB4BBC /* SquareView.xib */ = {isa = PBXFileReference; lastKnownFileType = file.xib; path = SquareView.xib; sourceTree = "<group>"; };
		D5C0C010205D6D1B0001F262 /* BreathSquare.app */ = {isa = PBXFileReference; explicitFileType = wrapper.application; includeInIndex = 0; path = BreathSquare.app; sourceTree = BUILT_PRODUCTS_DIR; };
		D5C0C013205D6D1B0001F262 /* AppDelegate.swift */ = {isa = PBXFileReference; lastKnownFileType = sourcecode.swift; path = AppDelegate.swift; sourceTree = "<group>"; };
		D5C0C015205D6D1B0001F262 /* BreathLessonViewController.swift */ = {isa = PBXFileReference; lastKnownFileType = sourcecode.swift; path = BreathLessonViewController.swift; sourceTree = "<group>"; };
		D5C0C018205D6D1B0001F262 /* Base */ = {isa = PBXFileReference; lastKnownFileType = file.storyboard; name = Base; path = Base.lproj/BreathLesson.storyboard; sourceTree = "<group>"; };
		D5C0C01A205D6D1B0001F262 /* Assets.xcassets */ = {isa = PBXFileReference; lastKnownFileType = folder.assetcatalog; path = Assets.xcassets; sourceTree = "<group>"; };
		D5C0C01D205D6D1B0001F262 /* Base */ = {isa = PBXFileReference; lastKnownFileType = file.storyboard; name = Base; path = Base.lproj/LaunchScreen.storyboard; sourceTree = "<group>"; };
		D5C0C01F205D6D1B0001F262 /* Info.plist */ = {isa = PBXFileReference; lastKnownFileType = text.plist.xml; path = Info.plist; sourceTree = "<group>"; };
/* End PBXFileReference section */

/* Begin PBXFrameworksBuildPhase section */
		D5C0C00D205D6D1B0001F262 /* Frameworks */ = {
			isa = PBXFrameworksBuildPhase;
			buildActionMask = 2147483647;
			files = (
			);
			runOnlyForDeploymentPostprocessing = 0;
		};
/* End PBXFrameworksBuildPhase section */

/* Begin PBXGroup section */
		D50B4B89205E5A300052B829 /* Extensions */ = {
			isa = PBXGroup;
			children = (
				D50B4B8A205E5A490052B829 /* UIView+LoadNib.swift */,
				D50B4BAB205E8EC40052B829 /* UIColor+Hex.swift */,
			);
			path = Extensions;
			sourceTree = "<group>";
		};
		D50B4B8E205E5A680052B829 /* Helpers */ = {
			isa = PBXGroup;
			children = (
				D50B4B8C205E5A640052B829 /* NibView.swift */,
			);
			path = Helpers;
			sourceTree = "<group>";
		};
		D50B4B8F205E5C270052B829 /* Modules */ = {
			isa = PBXGroup;
			children = (
				D50B4B98205E60DD0052B829 /* BreathLesson */,
			);
			path = Modules;
			sourceTree = "<group>";
		};
		D50B4B90205E5C5E0052B829 /* Services */ = {
			isa = PBXGroup;
			children = (
				D50B4B91205E5D270052B829 /* DataLoaderServiceImpl.swift */,
				D50B4B93205E5D510052B829 /* DataLoaderService.swift */,
			);
			path = Services;
			sourceTree = "<group>";
		};
		D50B4B97205E60D20052B829 /* Presenter */ = {
			isa = PBXGroup;
			children = (
				D50B4B95205E60A50052B829 /* BreathLessonModuleInput.swift */,
				D50B4BA1205E622C0052B829 /* BreathLessonPresenter.swift */,
			);
			path = Presenter;
			sourceTree = "<group>";
		};
		D50B4B98205E60DD0052B829 /* BreathLesson */ = {
			isa = PBXGroup;
			children = (
				D50B4B9C205E61130052B829 /* Factory */,
				D50B4B9A205E61030052B829 /* Interactor */,
				D50B4B97205E60D20052B829 /* Presenter */,
				D50B4B99205E60F20052B829 /* View */,
			);
			path = BreathLesson;
			sourceTree = "<group>";
		};
		D50B4B99205E60F20052B829 /* View */ = {
			isa = PBXGroup;
			children = (
				D5C0C015205D6D1B0001F262 /* BreathLessonViewController.swift */,
				D50B4B9D205E61330052B829 /* BreathLessonViewInput.swift */,
				D50B4B9F205E61410052B829 /* BreathLessonViewOutput.swift */,
			);
			path = View;
			sourceTree = "<group>";
		};
		D50B4B9A205E61030052B829 /* Interactor */ = {
			isa = PBXGroup;
			children = (
				D50B4BA7205E62BA0052B829 /* BreathLessonInteractor.swift */,
				D50B4BA3205E62920052B829 /* BreathLessonInteractorOutput.swift */,
				D50B4BA5205E62980052B829 /* BreathLessonInteractorInput.swift */,
			);
			path = Interactor;
			sourceTree = "<group>";
		};
		D50B4B9C205E61130052B829 /* Factory */ = {
			isa = PBXGroup;
			children = (
				D50B4BA9205E63B10052B829 /* BreathLessonFactory.swift */,
			);
			path = Factory;
			sourceTree = "<group>";
		};
		D52A4375205D750100AA7CCF /* Resources */ = {
			isa = PBXGroup;
			children = (
				D5C0C013205D6D1B0001F262 /* AppDelegate.swift */,
				D5C0C017205D6D1B0001F262 /* BreathLesson.storyboard */,
				D52A4351205D74D100AA7CCF /* breath.json */,
				D5C0C01A205D6D1B0001F262 /* Assets.xcassets */,
				D5C0C01F205D6D1B0001F262 /* Info.plist */,
				D5C0C01C205D6D1B0001F262 /* LaunchScreen.storyboard */,
			);
			path = Resources;
			sourceTree = "<group>";
		};
		D52A4376205D753000AA7CCF /* Classes */ = {
			isa = PBXGroup;
			children = (
				D50B4B90205E5C5E0052B829 /* Services */,
				D50B4B8E205E5A680052B829 /* Helpers */,
				D50B4B89205E5A300052B829 /* Extensions */,
				D584F24B205D81A200DB4BBC /* Views */,
				D584F24A205D7C4D00DB4BBC /* Models */,
				D50B4B8F205E5C270052B829 /* Modules */,
			);
			path = Classes;
			sourceTree = "<group>";
		};
		D584F24A205D7C4D00DB4BBC /* Models */ = {
			isa = PBXGroup;
			children = (
				D584F248205D798200DB4BBC /* Breath.swift */,
			);
			path = Models;
			sourceTree = "<group>";
		};
		D584F24B205D81A200DB4BBC /* Views */ = {
			isa = PBXGroup;
			children = (
				D584F24C205D81BA00DB4BBC /* SquareView.swift */,
				D584F24E205D81DD00DB4BBC /* SquareView.xib */,
			);
			path = Views;
			sourceTree = "<group>";
		};
		D5C0C007205D6D1B0001F262 = {
			isa = PBXGroup;
			children = (
				D5C0C012205D6D1B0001F262 /* BreathSquare */,
				D5C0C011205D6D1B0001F262 /* Products */,
			);
			sourceTree = "<group>";
		};
		D5C0C011205D6D1B0001F262 /* Products */ = {
			isa = PBXGroup;
			children = (
				D5C0C010205D6D1B0001F262 /* BreathSquare.app */,
			);
			name = Products;
			sourceTree = "<group>";
		};
		D5C0C012205D6D1B0001F262 /* BreathSquare */ = {
			isa = PBXGroup;
			children = (
				D52A4376205D753000AA7CCF /* Classes */,
				D52A4375205D750100AA7CCF /* Resources */,
			);
			path = BreathSquare;
			sourceTree = "<group>";
		};
/* End PBXGroup section */

/* Begin PBXNativeTarget section */
		D5C0C00F205D6D1B0001F262 /* BreathSquare */ = {
			isa = PBXNativeTarget;
			buildConfigurationList = D5C0C022205D6D1B0001F262 /* Build configuration list for PBXNativeTarget "BreathSquare" */;
			buildPhases = (
				D5C0C00C205D6D1B0001F262 /* Sources */,
				D5C0C00D205D6D1B0001F262 /* Frameworks */,
				D5C0C00E205D6D1B0001F262 /* Resources */,
			);
			buildRules = (
			);
			dependencies = (
			);
			name = BreathSquare;
			productName = BreathSquare;
			productReference = D5C0C010205D6D1B0001F262 /* BreathSquare.app */;
			productType = "com.apple.product-type.application";
		};
/* End PBXNativeTarget section */

/* Begin PBXProject section */
		D5C0C008205D6D1B0001F262 /* Project object */ = {
			isa = PBXProject;
			attributes = {
				LastSwiftUpdateCheck = 0920;
				LastUpgradeCheck = 0920;
				ORGANIZATIONNAME = "Serg Tsarikovskiy";
				TargetAttributes = {
					D5C0C00F205D6D1B0001F262 = {
						CreatedOnToolsVersion = 9.2;
						ProvisioningStyle = Automatic;
					};
				};
			};
			buildConfigurationList = D5C0C00B205D6D1B0001F262 /* Build configuration list for PBXProject "BreathSquare" */;
			compatibilityVersion = "Xcode 8.0";
			developmentRegion = en;
			hasScannedForEncodings = 0;
			knownRegions = (
				en,
				Base,
			);
			mainGroup = D5C0C007205D6D1B0001F262;
			productRefGroup = D5C0C011205D6D1B0001F262 /* Products */;
			projectDirPath = "";
			projectRoot = "";
			targets = (
				D5C0C00F205D6D1B0001F262 /* BreathSquare */,
			);
		};
/* End PBXProject section */

/* Begin PBXResourcesBuildPhase section */
		D5C0C00E205D6D1B0001F262 /* Resources */ = {
			isa = PBXResourcesBuildPhase;
			buildActionMask = 2147483647;
			files = (
				D52A4374205D74D100AA7CCF /* breath.json in Resources */,
				D5C0C01E205D6D1B0001F262 /* LaunchScreen.storyboard in Resources */,
				D5C0C01B205D6D1B0001F262 /* Assets.xcassets in Resources */,
				D5C0C019205D6D1B0001F262 /* BreathLesson.storyboard in Resources */,
				D584F24F205D81DD00DB4BBC /* SquareView.xib in Resources */,
			);
			runOnlyForDeploymentPostprocessing = 0;
		};
/* End PBXResourcesBuildPhase section */

/* Begin PBXSourcesBuildPhase section */
		D5C0C00C205D6D1B0001F262 /* Sources */ = {
			isa = PBXSourcesBuildPhase;
			buildActionMask = 2147483647;
			files = (
				D50B4BA8205E62BA0052B829 /* BreathLessonInteractor.swift in Sources */,
				D50B4BA2205E622C0052B829 /* BreathLessonPresenter.swift in Sources */,
				D5C0C016205D6D1B0001F262 /* BreathLessonViewController.swift in Sources */,
				D50B4B9E205E61330052B829 /* BreathLessonViewInput.swift in Sources */,
				D50B4BAC205E8EC40052B829 /* UIColor+Hex.swift in Sources */,
				D50B4B92205E5D270052B829 /* DataLoaderServiceImpl.swift in Sources */,
				D50B4BA0205E61410052B829 /* BreathLessonViewOutput.swift in Sources */,
				D50B4BAA205E63B10052B829 /* BreathLessonFactory.swift in Sources */,
				D584F249205D798200DB4BBC /* Breath.swift in Sources */,
				D50B4B8D205E5A640052B829 /* NibView.swift in Sources */,
				D50B4B96205E60A50052B829 /* BreathLessonModuleInput.swift in Sources */,
				D50B4B94205E5D510052B829 /* DataLoaderService.swift in Sources */,
				D50B4BA6205E62980052B829 /* BreathLessonInteractorInput.swift in Sources */,
				D50B4B8B205E5A490052B829 /* UIView+LoadNib.swift in Sources */,
				D5C0C014205D6D1B0001F262 /* AppDelegate.swift in Sources */,
				D50B4BA4205E62920052B829 /* BreathLessonInteractorOutput.swift in Sources */,
				D584F24D205D81BA00DB4BBC /* SquareView.swift in Sources */,
			);
			runOnlyForDeploymentPostprocessing = 0;
		};
/* End PBXSourcesBuildPhase section */

/* Begin PBXVariantGroup section */
		D5C0C017205D6D1B0001F262 /* BreathLesson.storyboard */ = {
			isa = PBXVariantGroup;
			children = (
				D5C0C018205D6D1B0001F262 /* Base */,
			);
			name = BreathLesson.storyboard;
			sourceTree = "<group>";
		};
		D5C0C01C205D6D1B0001F262 /* LaunchScreen.storyboard */ = {
			isa = PBXVariantGroup;
			children = (
				D5C0C01D205D6D1B0001F262 /* Base */,
			);
			name = LaunchScreen.storyboard;
			sourceTree = "<group>";
		};
/* End PBXVariantGroup section */

/* Begin XCBuildConfiguration section */
		D5C0C020205D6D1B0001F262 /* Debug */ = {
			isa = XCBuildConfiguration;
			buildSettings = {
				ALWAYS_SEARCH_USER_PATHS = NO;
				CLANG_ANALYZER_NONNULL = YES;
				CLANG_ANALYZER_NUMBER_OBJECT_CONVERSION = YES_AGGRESSIVE;
				CLANG_CXX_LANGUAGE_STANDARD = "gnu++14";
				CLANG_CXX_LIBRARY = "libc++";
				CLANG_ENABLE_MODULES = YES;
				CLANG_ENABLE_OBJC_ARC = YES;
				CLANG_WARN_BLOCK_CAPTURE_AUTORELEASING = YES;
				CLANG_WARN_BOOL_CONVERSION = YES;
				CLANG_WARN_COMMA = YES;
				CLANG_WARN_CONSTANT_CONVERSION = YES;
				CLANG_WARN_DIRECT_OBJC_ISA_USAGE = YES_ERROR;
				CLANG_WARN_DOCUMENTATION_COMMENTS = YES;
				CLANG_WARN_EMPTY_BODY = YES;
				CLANG_WARN_ENUM_CONVERSION = YES;
				CLANG_WARN_INFINITE_RECURSION = YES;
				CLANG_WARN_INT_CONVERSION = YES;
				CLANG_WARN_NON_LITERAL_NULL_CONVERSION = YES;
				CLANG_WARN_OBJC_LITERAL_CONVERSION = YES;
				CLANG_WARN_OBJC_ROOT_CLASS = YES_ERROR;
				CLANG_WARN_RANGE_LOOP_ANALYSIS = YES;
				CLANG_WARN_STRICT_PROTOTYPES = YES;
				CLANG_WARN_SUSPICIOUS_MOVE = YES;
				CLANG_WARN_UNGUARDED_AVAILABILITY = YES_AGGRESSIVE;
				CLANG_WARN_UNREACHABLE_CODE = YES;
				CLANG_WARN__DUPLICATE_METHOD_MATCH = YES;
				CODE_SIGN_IDENTITY = "iPhone Developer";
				COPY_PHASE_STRIP = NO;
				DEBUG_INFORMATION_FORMAT = dwarf;
				ENABLE_STRICT_OBJC_MSGSEND = YES;
				ENABLE_TESTABILITY = YES;
				GCC_C_LANGUAGE_STANDARD = gnu11;
				GCC_DYNAMIC_NO_PIC = NO;
				GCC_NO_COMMON_BLOCKS = YES;
				GCC_OPTIMIZATION_LEVEL = 0;
				GCC_PREPROCESSOR_DEFINITIONS = (
					"DEBUG=1",
					"$(inherited)",
				);
				GCC_WARN_64_TO_32_BIT_CONVERSION = YES;
				GCC_WARN_ABOUT_RETURN_TYPE = YES_ERROR;
				GCC_WARN_UNDECLARED_SELECTOR = YES;
				GCC_WARN_UNINITIALIZED_AUTOS = YES_AGGRESSIVE;
				GCC_WARN_UNUSED_FUNCTION = YES;
				GCC_WARN_UNUSED_VARIABLE = YES;
				IPHONEOS_DEPLOYMENT_TARGET = 11.2;
				MTL_ENABLE_DEBUG_INFO = YES;
				ONLY_ACTIVE_ARCH = YES;
				SDKROOT = iphoneos;
				SWIFT_ACTIVE_COMPILATION_CONDITIONS = DEBUG;
				SWIFT_OPTIMIZATION_LEVEL = "-Onone";
			};
			name = Debug;
		};
		D5C0C021205D6D1B0001F262 /* Release */ = {
			isa = XCBuildConfiguration;
			buildSettings = {
				ALWAYS_SEARCH_USER_PATHS = NO;
				CLANG_ANALYZER_NONNULL = YES;
				CLANG_ANALYZER_NUMBER_OBJECT_CONVERSION = YES_AGGRESSIVE;
				CLANG_CXX_LANGUAGE_STANDARD = "gnu++14";
				CLANG_CXX_LIBRARY = "libc++";
				CLANG_ENABLE_MODULES = YES;
				CLANG_ENABLE_OBJC_ARC = YES;
				CLANG_WARN_BLOCK_CAPTURE_AUTORELEASING = YES;
				CLANG_WARN_BOOL_CONVERSION = YES;
				CLANG_WARN_COMMA = YES;
				CLANG_WARN_CONSTANT_CONVERSION = YES;
				CLANG_WARN_DIRECT_OBJC_ISA_USAGE = YES_ERROR;
				CLANG_WARN_DOCUMENTATION_COMMENTS = YES;
				CLANG_WARN_EMPTY_BODY = YES;
				CLANG_WARN_ENUM_CONVERSION = YES;
				CLANG_WARN_INFINITE_RECURSION = YES;
				CLANG_WARN_INT_CONVERSION = YES;
				CLANG_WARN_NON_LITERAL_NULL_CONVERSION = YES;
				CLANG_WARN_OBJC_LITERAL_CONVERSION = YES;
				CLANG_WARN_OBJC_ROOT_CLASS = YES_ERROR;
				CLANG_WARN_RANGE_LOOP_ANALYSIS = YES;
				CLANG_WARN_STRICT_PROTOTYPES = YES;
				CLANG_WARN_SUSPICIOUS_MOVE = YES;
				CLANG_WARN_UNGUARDED_AVAILABILITY = YES_AGGRESSIVE;
				CLANG_WARN_UNREACHABLE_CODE = YES;
				CLANG_WARN__DUPLICATE_METHOD_MATCH = YES;
				CODE_SIGN_IDENTITY = "iPhone Developer";
				COPY_PHASE_STRIP = NO;
				DEBUG_INFORMATION_FORMAT = "dwarf-with-dsym";
				ENABLE_NS_ASSERTIONS = NO;
				ENABLE_STRICT_OBJC_MSGSEND = YES;
				GCC_C_LANGUAGE_STANDARD = gnu11;
				GCC_NO_COMMON_BLOCKS = YES;
				GCC_WARN_64_TO_32_BIT_CONVERSION = YES;
				GCC_WARN_ABOUT_RETURN_TYPE = YES_ERROR;
				GCC_WARN_UNDECLARED_SELECTOR = YES;
				GCC_WARN_UNINITIALIZED_AUTOS = YES_AGGRESSIVE;
				GCC_WARN_UNUSED_FUNCTION = YES;
				GCC_WARN_UNUSED_VARIABLE = YES;
				IPHONEOS_DEPLOYMENT_TARGET = 11.2;
				MTL_ENABLE_DEBUG_INFO = NO;
				SDKROOT = iphoneos;
				SWIFT_OPTIMIZATION_LEVEL = "-Owholemodule";
				VALIDATE_PRODUCT = YES;
			};
			name = Release;
		};
		D5C0C023205D6D1B0001F262 /* Debug */ = {
			isa = XCBuildConfiguration;
			buildSettings = {
				ASSETCATALOG_COMPILER_APPICON_NAME = AppIcon;
				CODE_SIGN_STYLE = Automatic;
				INFOPLIST_FILE = BreathSquare/Resources/Info.plist;
				LD_RUNPATH_SEARCH_PATHS = "$(inherited) @executable_path/Frameworks";
				PRODUCT_BUNDLE_IDENTIFIER = f.BreathSquare;
				PRODUCT_NAME = "$(TARGET_NAME)";
				SWIFT_VERSION = 4.0;
				TARGETED_DEVICE_FAMILY = "1,2";
			};
			name = Debug;
		};
		D5C0C024205D6D1B0001F262 /* Release */ = {
			isa = XCBuildConfiguration;
			buildSettings = {
				ASSETCATALOG_COMPILER_APPICON_NAME = AppIcon;
				CODE_SIGN_STYLE = Automatic;
				INFOPLIST_FILE = BreathSquare/Resources/Info.plist;
				LD_RUNPATH_SEARCH_PATHS = "$(inherited) @executable_path/Frameworks";
				PRODUCT_BUNDLE_IDENTIFIER = f.BreathSquare;
				PRODUCT_NAME = "$(TARGET_NAME)";
				SWIFT_VERSION = 4.0;
				TARGETED_DEVICE_FAMILY = "1,2";
			};
			name = Release;
		};
/* End XCBuildConfiguration section */

/* Begin XCConfigurationList section */
		D5C0C00B205D6D1B0001F262 /* Build configuration list for PBXProject "BreathSquare" */ = {
			isa = XCConfigurationList;
			buildConfigurations = (
				D5C0C020205D6D1B0001F262 /* Debug */,
				D5C0C021205D6D1B0001F262 /* Release */,
			);
			defaultConfigurationIsVisible = 0;
			defaultConfigurationName = Release;
		};
		D5C0C022205D6D1B0001F262 /* Build configuration list for PBXNativeTarget "BreathSquare" */ = {
			isa = XCConfigurationList;
			buildConfigurations = (
				D5C0C023205D6D1B0001F262 /* Debug */,
				D5C0C024205D6D1B0001F262 /* Release */,
			);
			defaultConfigurationIsVisible = 0;
			defaultConfigurationName = Release;
		};
/* End XCConfigurationList section */
	};
	rootObject = D5C0C008205D6D1B0001F262 /* Project object */;
}
