// !$*UTF8*$!
{
	archiveVersion = 1;
	classes = {
	};
	objectVersion = 48;
	objects = {

/* Begin PBXBuildFile section */
		D52A4374205D74D100AA7CCF /* breath.json in Resources */ = {isa = PBXBuildFile; fileRef = D52A4351205D74D100AA7CCF /* breath.json */; };
		D5C0C014205D6D1B0001F262 /* AppDelegate.swift in Sources */ = {isa = PBXBuildFile; fileRef = D5C0C013205D6D1B0001F262 /* AppDelegate.swift */; };
		D5C0C016205D6D1B0001F262 /* ViewController.swift in Sources */ = {isa = PBXBuildFile; fileRef = D5C0C015205D6D1B0001F262 /* ViewController.swift */; };
		D5C0C019205D6D1B0001F262 /* Main.storyboard in Resources */ = {isa = PBXBuildFile; fileRef = D5C0C017205D6D1B0001F262 /* Main.storyboard */; };
		D5C0C01B205D6D1B0001F262 /* Assets.xcassets in Resources */ = {isa = PBXBuildFile; fileRef = D5C0C01A205D6D1B0001F262 /* Assets.xcassets */; };
		D5C0C01E205D6D1B0001F262 /* LaunchScreen.storyboard in Resources */ = {isa = PBXBuildFile; fileRef = D5C0C01C205D6D1B0001F262 /* LaunchScreen.storyboard */; };
/* End PBXBuildFile section */

/* Begin PBXFileReference section */
		D52A4351205D74D100AA7CCF /* breath.json */ = {isa = PBXFileReference; fileEncoding = 4; lastKnownFileType = text.json; path = breath.json; sourceTree = "<group>"; };
		D5C0C010205D6D1B0001F262 /* BreathSquare.app */ = {isa = PBXFileReference; explicitFileType = wrapper.application; includeInIndex = 0; path = BreathSquare.app; sourceTree = BUILT_PRODUCTS_DIR; };
		D5C0C013205D6D1B0001F262 /* AppDelegate.swift */ = {isa = PBXFileReference; lastKnownFileType = sourcecode.swift; path = AppDelegate.swift; sourceTree = "<group>"; };
		D5C0C015205D6D1B0001F262 /* ViewController.swift */ = {isa = PBXFileReference; lastKnownFileType = sourcecode.swift; path = ViewController.swift; sourceTree = "<group>"; };
		D5C0C018205D6D1B0001F262 /* Base */ = {isa = PBXFileReference; lastKnownFileType = file.storyboard; name = Base; path = Base.lproj/Main.storyboard; sourceTree = "<group>"; };
		D5C0C01A205D6D1B0001F262 /* Assets.xcassets */ = {isa = PBXFileReference; lastKnownFileType = folder.assetcatalog; path = Assets.xcassets; sourceTree = "<group>"; };
		D5C0C01D205D6D1B0001F262 /* Base */ = {isa = PBXFileReference; lastKnownFileType = file.storyboard; name = Base; path = Base.lproj/LaunchScreen.storyboard; sourceTree = "<group>"; };
		D5C0C01F205D6D1B0001F262 /* Info.plist */ = {isa = PBXFileReference; lastKnownFileType = text.plist.xml; path = Info.plist; sourceTree = "<group>"; };
/* End PBXFileReference section */

/* Begin PBXFrameworksBuildPhase section */
		D5C0C00D205D6D1B0001F262 /* Frameworks */ = {
			isa = PBXFrameworksBuildPhase;
			buildActionMask = 2147483647;
			files = (
			);
			runOnlyForDeploymentPostprocessing = 0;
		};
/* End PBXFrameworksBuildPhase section */

/* Begin PBXGroup section */
		D52A4375205D750100AA7CCF /* Resources */ = {
			isa = PBXGroup;
			children = (
				D5C0C017205D6D1B0001F262 /* Main.storyboard */,
				D52A4351205D74D100AA7CCF /* breath.json */,
				D5C0C01A205D6D1B0001F262 /* Assets.xcassets */,
				D5C0C01F205D6D1B0001F262 /* Info.plist */,
				D5C0C01C205D6D1B0001F262 /* LaunchScreen.storyboard */,
			);
			path = Resources;
			sourceTree = "<group>";
		};
		D52A4376205D753000AA7CCF /* Classes */ = {
			isa = PBXGroup;
			children = (
				D5C0C013205D6D1B0001F262 /* AppDelegate.swift */,
				D5C0C015205D6D1B0001F262 /* ViewController.swift */,
			);
			path = Classes;
			sourceTree = "<group>";
		};
		D5C0C007205D6D1B0001F262 = {
			isa = PBXGroup;
			children = (
				D5C0C012205D6D1B0001F262 /* BreathSquare */,
				D5C0C011205D6D1B0001F262 /* Products */,
			);
			sourceTree = "<group>";
		};
		D5C0C011205D6D1B0001F262 /* Products */ = {
			isa = PBXGroup;
			children = (
				D5C0C010205D6D1B0001F262 /* BreathSquare.app */,
			);
			name = Products;
			sourceTree = "<group>";
		};
		D5C0C012205D6D1B0001F262 /* BreathSquare */ = {
			isa = PBXGroup;
			children = (
				D52A4376205D753000AA7CCF /* Classes */,
				D52A4375205D750100AA7CCF /* Resources */,
			);
			path = BreathSquare;
			sourceTree = "<group>";
		};
/* End PBXGroup section */

/* Begin PBXNativeTarget section */
		D5C0C00F205D6D1B0001F262 /* BreathSquare */ = {
			isa = PBXNativeTarget;
			buildConfigurationList = D5C0C022205D6D1B0001F262 /* Build configuration list for PBXNativeTarget "BreathSquare" */;
			buildPhases = (
				D5C0C00C205D6D1B0001F262 /* Sources */,
				D5C0C00D205D6D1B0001F262 /* Frameworks */,
				D5C0C00E205D6D1B0001F262 /* Resources */,
			);
			buildRules = (
			);
			dependencies = (
			);
			name = BreathSquare;
			productName = BreathSquare;
			productReference = D5C0C010205D6D1B0001F262 /* BreathSquare.app */;
			productType = "com.apple.product-type.application";
		};
/* End PBXNativeTarget section */

/* Begin PBXProject section */
		D5C0C008205D6D1B0001F262 /* Project object */ = {
			isa = PBXProject;
			attributes = {
				LastSwiftUpdateCheck = 0920;
				LastUpgradeCheck = 0920;
				ORGANIZATIONNAME = "Serg Tsarikovskiy";
				TargetAttributes = {
					D5C0C00F205D6D1B0001F262 = {
						CreatedOnToolsVersion = 9.2;
						ProvisioningStyle = Automatic;
					};
				};
			};
			buildConfigurationList = D5C0C00B205D6D1B0001F262 /* Build configuration list for PBXProject "BreathSquare" */;
			compatibilityVersion = "Xcode 8.0";
			developmentRegion = en;
			hasScannedForEncodings = 0;
			knownRegions = (
				en,
				Base,
			);
			mainGroup = D5C0C007205D6D1B0001F262;
			productRefGroup = D5C0C011205D6D1B0001F262 /* Products */;
			projectDirPath = "";
			projectRoot = "";
			targets = (
				D5C0C00F205D6D1B0001F262 /* BreathSquare */,
			);
		};
/* End PBXProject section */

/* Begin PBXResourcesBuildPhase section */
		D5C0C00E205D6D1B0001F262 /* Resources */ = {
			isa = PBXResourcesBuildPhase;
			buildActionMask = 2147483647;
			files = (
				D52A4374205D74D100AA7CCF /* breath.json in Resources */,
				D5C0C01E205D6D1B0001F262 /* LaunchScreen.storyboard in Resources */,
				D5C0C01B205D6D1B0001F262 /* Assets.xcassets in Resources */,
				D5C0C019205D6D1B0001F262 /* Main.storyboard in Resources */,
			);
			runOnlyForDeploymentPostprocessing = 0;
		};
/* End PBXResourcesBuildPhase section */

/* Begin PBXSourcesBuildPhase section */
		D5C0C00C205D6D1B0001F262 /* Sources */ = {
			isa = PBXSourcesBuildPhase;
			buildActionMask = 2147483647;
			files = (
				D5C0C016205D6D1B0001F262 /* ViewController.swift in Sources */,
				D5C0C014205D6D1B0001F262 /* AppDelegate.swift in Sources */,
			);
			runOnlyForDeploymentPostprocessing = 0;
		};
/* End PBXSourcesBuildPhase section */

/* Begin PBXVariantGroup section */
		D5C0C017205D6D1B0001F262 /* Main.storyboard */ = {
			isa = PBXVariantGroup;
			children = (
				D5C0C018205D6D1B0001F262 /* Base */,
			);
			name = Main.storyboard;
			sourceTree = "<group>";
		};
		D5C0C01C205D6D1B0001F262 /* LaunchScreen.storyboard */ = {
			isa = PBXVariantGroup;
			children = (
				D5C0C01D205D6D1B0001F262 /* Base */,
			);
			name = LaunchScreen.storyboard;
			sourceTree = "<group>";
		};
/* End PBXVariantGroup section */

/* Begin XCBuildConfiguration section */
		D5C0C020205D6D1B0001F262 /* Debug */ = {
			isa = XCBuildConfiguration;
			buildSettings = {
				ALWAYS_SEARCH_USER_PATHS = NO;
				CLANG_ANALYZER_NONNULL = YES;
				CLANG_ANALYZER_NUMBER_OBJECT_CONVERSION = YES_AGGRESSIVE;
				CLANG_CXX_LANGUAGE_STANDARD = "gnu++14";
				CLANG_CXX_LIBRARY = "libc++";
				CLANG_ENABLE_MODULES = YES;
				CLANG_ENABLE_OBJC_ARC = YES;
				CLANG_WARN_BLOCK_CAPTURE_AUTORELEASING = YES;
				CLANG_WARN_BOOL_CONVERSION = YES;
				CLANG_WARN_COMMA = YES;
				CLANG_WARN_CONSTANT_CONVERSION = YES;
				CLANG_WARN_DIRECT_OBJC_ISA_USAGE = YES_ERROR;
				CLANG_WARN_DOCUMENTATION_COMMENTS = YES;
				CLANG_WARN_EMPTY_BODY = YES;
				CLANG_WARN_ENUM_CONVERSION = YES;
				CLANG_WARN_INFINITE_RECURSION = YES;
				CLANG_WARN_INT_CONVERSION = YES;
				CLANG_WARN_NON_LITERAL_NULL_CONVERSION = YES;
				CLANG_WARN_OBJC_LITERAL_CONVERSION = YES;
				CLANG_WARN_OBJC_ROOT_CLASS = YES_ERROR;
				CLANG_WARN_RANGE_LOOP_ANALYSIS = YES;
				CLANG_WARN_STRICT_PROTOTYPES = YES;
				CLANG_WARN_SUSPICIOUS_MOVE = YES;
				CLANG_WARN_UNGUARDED_AVAILABILITY = YES_AGGRESSIVE;
				CLANG_WARN_UNREACHABLE_CODE = YES;
				CLANG_WARN__DUPLICATE_METHOD_MATCH = YES;
				CODE_SIGN_IDENTITY = "iPhone Developer";
				COPY_PHASE_STRIP = NO;
				DEBUG_INFORMATION_FORMAT = dwarf;
				ENABLE_STRICT_OBJC_MSGSEND = YES;
				ENABLE_TESTABILITY = YES;
				GCC_C_LANGUAGE_STANDARD = gnu11;
				GCC_DYNAMIC_NO_PIC = NO;
				GCC_NO_COMMON_BLOCKS = YES;
				GCC_OPTIMIZATION_LEVEL = 0;
				GCC_PREPROCESSOR_DEFINITIONS = (
					"DEBUG=1",
					"$(inherited)",
				);
				GCC_WARN_64_TO_32_BIT_CONVERSION = YES;
				GCC_WARN_ABOUT_RETURN_TYPE = YES_ERROR;
				GCC_WARN_UNDECLARED_SELECTOR = YES;
				GCC_WARN_UNINITIALIZED_AUTOS = YES_AGGRESSIVE;
				GCC_WARN_UNUSED_FUNCTION = YES;
				GCC_WARN_UNUSED_VARIABLE = YES;
				IPHONEOS_DEPLOYMENT_TARGET = 11.2;
				MTL_ENABLE_DEBUG_INFO = YES;
				ONLY_ACTIVE_ARCH = YES;
				SDKROOT = iphoneos;
				SWIFT_ACTIVE_COMPILATION_CONDITIONS = DEBUG;
				SWIFT_OPTIMIZATION_LEVEL = "-Onone";
			};
			name = Debug;
		};
		D5C0C021205D6D1B0001F262 /* Release */ = {
			isa = XCBuildConfiguration;
			buildSettings = {
				ALWAYS_SEARCH_USER_PATHS = NO;
				CLANG_ANALYZER_NONNULL = YES;
				CLANG_ANALYZER_NUMBER_OBJECT_CONVERSION = YES_AGGRESSIVE;
				CLANG_CXX_LANGUAGE_STANDARD = "gnu++14";
				CLANG_CXX_LIBRARY = "libc++";
				CLANG_ENABLE_MODULES = YES;
				CLANG_ENABLE_OBJC_ARC = YES;
				CLANG_WARN_BLOCK_CAPTURE_AUTORELEASING = YES;
				CLANG_WARN_BOOL_CONVERSION = YES;
				CLANG_WARN_COMMA = YES;
				CLANG_WARN_CONSTANT_CONVERSION = YES;
				CLANG_WARN_DIRECT_OBJC_ISA_USAGE = YES_ERROR;
				CLANG_WARN_DOCUMENTATION_COMMENTS = YES;
				CLANG_WARN_EMPTY_BODY = YES;
				CLANG_WARN_ENUM_CONVERSION = YES;
				CLANG_WARN_INFINITE_RECURSION = YES;
				CLANG_WARN_INT_CONVERSION = YES;
				CLANG_WARN_NON_LITERAL_NULL_CONVERSION = YES;
				CLANG_WARN_OBJC_LITERAL_CONVERSION = YES;
				CLANG_WARN_OBJC_ROOT_CLASS = YES_ERROR;
				CLANG_WARN_RANGE_LOOP_ANALYSIS = YES;
				CLANG_WARN_STRICT_PROTOTYPES = YES;
				CLANG_WARN_SUSPICIOUS_MOVE = YES;
				CLANG_WARN_UNGUARDED_AVAILABILITY = YES_AGGRESSIVE;
				CLANG_WARN_UNREACHABLE_CODE = YES;
				CLANG_WARN__DUPLICATE_METHOD_MATCH = YES;
				CODE_SIGN_IDENTITY = "iPhone Developer";
				COPY_PHASE_STRIP = NO;
				DEBUG_INFORMATION_FORMAT = "dwarf-with-dsym";
				ENABLE_NS_ASSERTIONS = NO;
				ENABLE_STRICT_OBJC_MSGSEND = YES;
				GCC_C_LANGUAGE_STANDARD = gnu11;
				GCC_NO_COMMON_BLOCKS = YES;
				GCC_WARN_64_TO_32_BIT_CONVERSION = YES;
				GCC_WARN_ABOUT_RETURN_TYPE = YES_ERROR;
				GCC_WARN_UNDECLARED_SELECTOR = YES;
				GCC_WARN_UNINITIALIZED_AUTOS = YES_AGGRESSIVE;
				GCC_WARN_UNUSED_FUNCTION = YES;
				GCC_WARN_UNUSED_VARIABLE = YES;
				IPHONEOS_DEPLOYMENT_TARGET = 11.2;
				MTL_ENABLE_DEBUG_INFO = NO;
				SDKROOT = iphoneos;
				SWIFT_OPTIMIZATION_LEVEL = "-Owholemodule";
				VALIDATE_PRODUCT = YES;
			};
			name = Release;
		};
		D5C0C023205D6D1B0001F262 /* Debug */ = {
			isa = XCBuildConfiguration;
			buildSettings = {
				ASSETCATALOG_COMPILER_APPICON_NAME = AppIcon;
				CODE_SIGN_STYLE = Automatic;
				INFOPLIST_FILE = BreathSquare/Info.plist;
				LD_RUNPATH_SEARCH_PATHS = "$(inherited) @executable_path/Frameworks";
				PRODUCT_BUNDLE_IDENTIFIER = f.BreathSquare;
				PRODUCT_NAME = "$(TARGET_NAME)";
				SWIFT_VERSION = 4.0;
				TARGETED_DEVICE_FAMILY = "1,2";
			};
			name = Debug;
		};
		D5C0C024205D6D1B0001F262 /* Release */ = {
			isa = XCBuildConfiguration;
			buildSettings = {
				ASSETCATALOG_COMPILER_APPICON_NAME = AppIcon;
				CODE_SIGN_STYLE = Automatic;
				INFOPLIST_FILE = BreathSquare/Info.plist;
				LD_RUNPATH_SEARCH_PATHS = "$(inherited) @executable_path/Frameworks";
				PRODUCT_BUNDLE_IDENTIFIER = f.BreathSquare;
				PRODUCT_NAME = "$(TARGET_NAME)";
				SWIFT_VERSION = 4.0;
				TARGETED_DEVICE_FAMILY = "1,2";
			};
			name = Release;
		};
/* End XCBuildConfiguration section */

/* Begin XCConfigurationList section */
		D5C0C00B205D6D1B0001F262 /* Build configuration list for PBXProject "BreathSquare" */ = {
			isa = XCConfigurationList;
			buildConfigurations = (
				D5C0C020205D6D1B0001F262 /* Debug */,
				D5C0C021205D6D1B0001F262 /* Release */,
			);
			defaultConfigurationIsVisible = 0;
			defaultConfigurationName = Release;
		};
		D5C0C022205D6D1B0001F262 /* Build configuration list for PBXNativeTarget "BreathSquare" */ = {
			isa = XCConfigurationList;
			buildConfigurations = (
				D5C0C023205D6D1B0001F262 /* Debug */,
				D5C0C024205D6D1B0001F262 /* Release */,
			);
			defaultConfigurationIsVisible = 0;
			defaultConfigurationName = Release;
		};
/* End XCConfigurationList section */
	};
	rootObject = D5C0C008205D6D1B0001F262 /* Project object */;
}
